
Microsoft Visual Studio Solution File, Format Version 12.00
# Visual Studio Version 16
VisualStudioVersion = 16.0.29911.84
MinimumVisualStudioVersion = 10.0.40219.1
Project("{FAE04EC0-301F-11D3-BF4B-00C04F79EFBC}") = "TestMVCProject", "TestMVCProject.csproj", "{A2D53371-D6F5-4C0A-9812-AE74E0CFE0EA}"
EndProject
Global
	GlobalSection(SolutionConfigurationPlatforms) = preSolution
		Debug|Any CPU = Debug|Any CPU
		Release|Any CPU = Release|Any CPU
	EndGlobalSection
	GlobalSection(ProjectConfigurationPlatforms) = postSolution
		{A2D53371-D6F5-4C0A-9812-AE74E0CFE0EA}.Debug|Any CPU.ActiveCfg = Debug|Any CPU
		{A2D53371-D6F5-4C0A-9812-AE74E0CFE0EA}.Debug|Any CPU.Build.0 = Debug|Any CPU
		{A2D53371-D6F5-4C0A-9812-AE74E0CFE0EA}.Release|Any CPU.ActiveCfg = Release|Any CPU
		{A2D53371-D6F5-4C0A-9812-AE74E0CFE0EA}.Release|Any CPU.Build.0 = Release|Any CPU
	EndGlobalSection
	GlobalSection(SolutionProperties) = preSolution
		HideSolutionNode = FALSE
	EndGlobalSection
	GlobalSection(ExtensibilityGlobals) = postSolution
		SolutionGuid = {DA256AFA-80B8-43F4-9205-F5D2DE9D5A8B}
	EndGlobalSection
EndGlobal
