
Microsoft Visual Studio Solution File, Format Version 12.00
# Visual Studio Version 16
VisualStudioVersion = 16.0.31005.135
MinimumVisualStudioVersion = 10.0.40219.1
Project("{FAE04EC0-301F-11D3-BF4B-00C04F79EFBC}") = "EFCorePractice", "EFCorePractice.csproj", "{B494CB50-F97A-4CC9-AED6-00721D7D1110}"
EndProject
Global
	GlobalSection(SolutionConfigurationPlatforms) = preSolution
		Debug|Any CPU = Debug|Any CPU
		Release|Any CPU = Release|Any CPU
	EndGlobalSection
	GlobalSection(ProjectConfigurationPlatforms) = postSolution
		{B494CB50-F97A-4CC9-AED6-00721D7D1110}.Debug|Any CPU.ActiveCfg = Debug|Any CPU
		{B494CB50-F97A-4CC9-AED6-00721D7D1110}.Debug|Any CPU.Build.0 = Debug|Any CPU
		{B494CB50-F97A-4CC9-AED6-00721D7D1110}.Release|Any CPU.ActiveCfg = Release|Any CPU
		{B494CB50-F97A-4CC9-AED6-00721D7D1110}.Release|Any CPU.Build.0 = Release|Any CPU
	EndGlobalSection
	GlobalSection(SolutionProperties) = preSolution
		HideSolutionNode = FALSE
	EndGlobalSection
	GlobalSection(ExtensibilityGlobals) = postSolution
		SolutionGuid = {3D5B3B2B-3C1A-44AF-8AD9-A75A437570B8}
	EndGlobalSection
EndGlobal
